
Microsoft Visual Studio Solution File, Format Version 12.00
# Visual Studio 15
Project("{FAE04EC0-301F-11D3-BF4B-00C04F79EFBC}") = "Assembly-CSharp", "Assembly-CSharp.csproj", "{C247D3B6-CD70-E9F4-DAA5-A9CDAE91AC90}"
EndProject
Project("{FAE04EC0-301F-11D3-BF4B-00C04F79EFBC}") = "Assembly-CSharp-Editor", "Assembly-CSharp-Editor.csproj", "{1A68BBF1-1C04-E5A5-6D72-AF6719628D98}"
EndProject
Global
	GlobalSection(SolutionConfigurationPlatforms) = preSolution
		Debug|Any CPU = Debug|Any CPU
		Release|Any CPU = Release|Any CPU
	EndGlobalSection
	GlobalSection(ProjectConfigurationPlatforms) = postSolution
		{C247D3B6-CD70-E9F4-DAA5-A9CDAE91AC90}.Debug|Any CPU.ActiveCfg = Debug|Any CPU
		{C247D3B6-CD70-E9F4-DAA5-A9CDAE91AC90}.Debug|Any CPU.Build.0 = Debug|Any CPU
		{C247D3B6-CD70-E9F4-DAA5-A9CDAE91AC90}.Release|Any CPU.ActiveCfg = Release|Any CPU
		{C247D3B6-CD70-E9F4-DAA5-A9CDAE91AC90}.Release|Any CPU.Build.0 = Release|Any CPU
		{1A68BBF1-1C04-E5A5-6D72-AF6719628D98}.Debug|Any CPU.ActiveCfg = Debug|Any CPU
		{1A68BBF1-1C04-E5A5-6D72-AF6719628D98}.Debug|Any CPU.Build.0 = Debug|Any CPU
		{1A68BBF1-1C04-E5A5-6D72-AF6719628D98}.Release|Any CPU.ActiveCfg = Release|Any CPU
		{1A68BBF1-1C04-E5A5-6D72-AF6719628D98}.Release|Any CPU.Build.0 = Release|Any CPU
	EndGlobalSection
	GlobalSection(SolutionProperties) = preSolution
		HideSolutionNode = FALSE
	EndGlobalSection
EndGlobal
